lockfileVersion: '6.0'

settings:
  autoInstallPeers: true
  excludeLinksFromLockfile: false

dependencies:
  '@atproto/api':
    specifier: ^0.4.3
    version: 0.4.3
  dotenv:
    specifier: ^16.3.1
    version: 16.3.1
  node-fetch:
    specifier: ^3.3.2
    version: 3.3.2

packages:

  /@atproto/api@0.4.3:
    resolution: {integrity: sha512-8LdREwmoA58YQDrLS0rohd7cHokhoiXfyYEeNtNlkdO0w/2QpkUCQ1PgPBP2kIRM9PhOEkKp7W3Sn8Te9Qq8jg==}
    dependencies:
      '@atproto/common-web': 0.2.0
      '@atproto/uri': 0.1.0
      '@atproto/xrpc': 0.2.0
      tlds: 1.240.0
      typed-emitter: 2.1.0
    dev: false

  /@atproto/common-web@0.2.0:
    resolution: {integrity: sha512-ugKrT8CWf6PDsZ29VOhOCs5K4z9BAFIV7SxPXA+MHC7pINqQ+wyjIq+DtUI8kmUSce1dTqc/lMN1akf/W5whVQ==}
    dependencies:
      graphemer: 1.4.0
      multiformats: 9.9.0
      uint8arrays: 3.0.0
      zod: 3.21.4
    dev: false

  /@atproto/identifier@0.2.0:
    resolution: {integrity: sha512-5zzlozQEWPMDzyl0D0zSpuNbnc1gtBg/Ov5wbcfieZzbjxgJ/eJHXEBlmxNE1uN91QqpGX5FCEE36jX8tKl9Ag==}
    dependencies:
      '@atproto/common-web': 0.2.0
    dev: false

  /@atproto/lexicon@0.2.0:
    resolution: {integrity: sha512-0OpLZ4o4pbRj2e19h2fO69781wPmL0S8WJaXey3y9FLjV19lj18IEbnlE/OQG8qZNDyGmgezs00L/o7qNCJorw==}
    dependencies:
      '@atproto/common-web': 0.2.0
      '@atproto/identifier': 0.2.0
      '@atproto/nsid': 0.1.0
      '@atproto/uri': 0.1.0
      iso-datestring-validator: 2.2.2
      multiformats: 9.9.0
      zod: 3.21.4
    dev: false

  /@atproto/nsid@0.1.0:
    resolution: {integrity: sha512-Pp+tHrGtPVHUi3ainR5yPgHbuqxrZrT0vAMbsNonL+NpWRB82szZSWNThPAgUz4v73Fav6y0WcTIXHzRv2D2Yg==}
    dev: false

  /@atproto/uri@0.1.0:
    resolution: {integrity: sha512-ZaiOYHsakB98HrXfqiF6m7xgahSn9yXxKnPm0EaN0Breax6jtTl+lblWtduonAmyWVLJJAQJbvF+ud0i/3+wBw==}
    dependencies:
      '@atproto/identifier': 0.2.0
      '@atproto/nsid': 0.1.0
    dev: false

  /@atproto/xrpc@0.2.0:
    resolution: {integrity: sha512-xsyJDPG0aVfNmBvjvVkjD4YdETCkOC/xhW+4BIzKucKIH8YftcE78ANZg5rdfXjIAnsQNPP2nDf13EKcfFHpKw==}
    dependencies:
      '@atproto/lexicon': 0.2.0
      zod: 3.21.4
    dev: false

  /data-uri-to-buffer@4.0.1:
    resolution: {integrity: sha512-0R9ikRb668HB7QDxT1vkpuUBtqc53YyAwMwGeUFKRojY/NWKvdZ+9UYtRfGmhqNbRkTSVpMbmyhXipFFv2cb/A==}
    engines: {node: '>= 12'}
    dev: false

  /dotenv@16.3.1:
    resolution: {integrity: sha512-IPzF4w4/Rd94bA9imS68tZBaYyBWSCE47V1RGuMrB94iyTOIEwRmVL2x/4An+6mETpLrKJ5hQkB8W4kFAadeIQ==}
    engines: {node: '>=12'}
    dev: false

  /fetch-blob@3.2.0:
    resolution: {integrity: sha512-7yAQpD2UMJzLi1Dqv7qFYnPbaPx7ZfFK6PiIxQ4PfkGPyNyl2Ugx+a/umUonmKqjhM4DnfbMvdX6otXq83soQQ==}
    engines: {node: ^12.20 || >= 14.13}
    dependencies:
      node-domexception: 1.0.0
      web-streams-polyfill: 3.2.1
    dev: false

  /formdata-polyfill@4.0.10:
    resolution: {integrity: sha512-buewHzMvYL29jdeQTVILecSaZKnt/RJWjoZCF5OW60Z67/GmSLBkOFM7qh1PI3zFNtJbaZL5eQu1vLfazOwj4g==}
    engines: {node: '>=12.20.0'}
    dependencies:
      fetch-blob: 3.2.0
    dev: false

  /graphemer@1.4.0:
    resolution: {integrity: sha512-EtKwoO6kxCL9WO5xipiHTZlSzBm7WLT627TqC/uVRd0HKmq8NXyebnNYxDoBi7wt8eTWrUrKXCOVaFq9x1kgag==}
    dev: false

  /iso-datestring-validator@2.2.2:
    resolution: {integrity: sha512-yLEMkBbLZTlVQqOnQ4FiMujR6T4DEcCb1xizmvXS+OxuhwcbtynoosRzdMA69zZCShCNAbi+gJ71FxZBBXx1SA==}
    dev: false

  /multiformats@9.9.0:
    resolution: {integrity: sha512-HoMUjhH9T8DDBNT+6xzkrd9ga/XiBI4xLr58LJACwK6G3HTOPeMz4nB4KJs33L2BelrIJa7P0VuNaVF3hMYfjg==}
    dev: false

  /node-domexception@1.0.0:
    resolution: {integrity: sha512-/jKZoMpw0F8GRwl4/eLROPA3cfcXtLApP0QzLmUT/HuPCZWyB7IY9ZrMeKw2O/nFIqPQB3PVM9aYm0F312AXDQ==}
    engines: {node: '>=10.5.0'}
    dev: false

  /node-fetch@3.3.2:
    resolution: {integrity: sha512-dRB78srN/l6gqWulah9SrxeYnxeddIG30+GOqK/9OlLVyLg3HPnr6SqOWTWOXKRwC2eGYCkZ59NNuSgvSrpgOA==}
    engines: {node: ^12.20.0 || ^14.13.1 || >=16.0.0}
    dependencies:
      data-uri-to-buffer: 4.0.1
      fetch-blob: 3.2.0
      formdata-polyfill: 4.0.10
    dev: false

  /rxjs@7.8.1:
    resolution: {integrity: sha512-AA3TVj+0A2iuIoQkWEK/tqFjBq2j+6PO6Y0zJcvzLAFhEFIO3HL0vls9hWLncZbAAbK0mar7oZ4V079I/qPMxg==}
    requiresBuild: true
    dependencies:
      tslib: 2.6.0
    dev: false
    optional: true

  /tlds@1.240.0:
    resolution: {integrity: sha512-1OYJQenswGZSOdRw7Bql5Qu7uf75b+F3HFBXbqnG/ifHa0fev1XcG+3pJf3pA/KC6RtHQzfKgIf1vkMlMG7mtQ==}
    hasBin: true
    dev: false

  /tslib@2.6.0:
    resolution: {integrity: sha512-7At1WUettjcSRHXCyYtTselblcHl9PJFFVKiCAy/bY97+BPZXSQ2wbq0P9s8tK2G7dFQfNnlJnPAiArVBVBsfA==}
    requiresBuild: true
    dev: false
    optional: true

  /typed-emitter@2.1.0:
    resolution: {integrity: sha512-g/KzbYKbH5C2vPkaXGu8DJlHrGKHLsM25Zg9WuC9pMGfuvT+X25tZQWo5fK1BjBm8+UrVE9LDCvaY0CQk+fXDA==}
    optionalDependencies:
      rxjs: 7.8.1
    dev: false

  /uint8arrays@3.0.0:
    resolution: {integrity: sha512-HRCx0q6O9Bfbp+HHSfQQKD7wU70+lydKVt4EghkdOvlK/NlrF90z+eXV34mUd48rNvVJXwkrMSPpCATkct8fJA==}
    dependencies:
      multiformats: 9.9.0
    dev: false

  /web-streams-polyfill@3.2.1:
    resolution: {integrity: sha512-e0MO3wdXWKrLbL0DgGnUV7WHVuw9OUvL4hjgnPkIeEvESk74gAITi5G606JtZPp39cd8HA9VQzCIvA49LpPN5Q==}
    engines: {node: '>= 8'}
    dev: false

  /zod@3.21.4:
    resolution: {integrity: sha512-m46AKbrzKVzOzs/DZgVnG5H55N1sv1M8qZU3A8RIKbs3mrACDNeIOeilDymVb2HdmP8uwshOCF4uJ8uM9rCqJw==}
    dev: false
